
Microsoft Visual Studio Solution File, Format Version 12.00
# Visual Studio Version 17
VisualStudioVersion = 17.11.35219.272
MinimumVisualStudioVersion = 10.0.40219.1
Project("{FAE04EC0-301F-11D3-BF4B-00C04F79EFBC}") = "bird.wtf v2", "bird.wtf v2.csproj", "{1AEAED91-B020-41D0-B767-E35FF2DCC8A9}"
EndProject
Global
	GlobalSection(SolutionConfigurationPlatforms) = preSolution
		Debug|Any CPU = Debug|Any CPU
		Release|Any CPU = Release|Any CPU
	EndGlobalSection
	GlobalSection(ProjectConfigurationPlatforms) = postSolution
		{1AEAED91-B020-41D0-B767-E35FF2DCC8A9}.Debug|Any CPU.ActiveCfg = Debug|Any CPU
		{1AEAED91-B020-41D0-B767-E35FF2DCC8A9}.Debug|Any CPU.Build.0 = Debug|Any CPU
		{1AEAED91-B020-41D0-B767-E35FF2DCC8A9}.Release|Any CPU.ActiveCfg = Release|Any CPU
		{1AEAED91-B020-41D0-B767-E35FF2DCC8A9}.Release|Any CPU.Build.0 = Release|Any CPU
	EndGlobalSection
	GlobalSection(SolutionProperties) = preSolution
		HideSolutionNode = FALSE
	EndGlobalSection
	GlobalSection(ExtensibilityGlobals) = postSolution
		SolutionGuid = {3FA74A04-94F4-44BB-BBB9-CB833055CD46}
	EndGlobalSection
EndGlobal
